Microsoft Visual Studio Solution File, Format Version 12.00
# Visual Studio Version 16
VisualStudioVersion = 16.0.30330.147
MinimumVisualStudioVersion = 10.0.40219.1
Project("{FAE04EC0-301F-11D3-BF4B-00C04F79EFBC}") = "CreditCardUISample.Android", "CreditCardUISample.Android\CreditCardUISample.Android.csproj", "{5F249CE4-34FD-4631-AF72-EABD9214F71A}"
EndProject
Project("{9A19103F-16F7-4668-BE54-9A1E7A4F7556}") = "CreditCardUISample", "CreditCardUISample\CreditCardUISample.csproj", "{D51D3484-E924-4413-8D66-A8D4AD44B5D5}"
EndProject
Global
	GlobalSection(SolutionConfigurationPlatforms) = preSolution
		Debug|Any CPU = Debug|Any CPU
		Debug|iPhone = Debug|iPhone
		Debug|iPhoneSimulator = Debug|iPhoneSimulator
		Release|Any CPU = Release|Any CPU
		Release|iPhone = Release|iPhone
		Release|iPhoneSimulator = Release|iPhoneSimulator
	EndGlobalSection
	GlobalSection(ProjectConfigurationPlatforms) = postSolution
		{5F249CE4-34FD-4631-AF72-EABD9214F71A}.Debug|Any CPU.ActiveCfg = Debug|Any CPU
		{5F249CE4-34FD-4631-AF72-EABD9214F71A}.Debug|Any CPU.Build.0 = Debug|Any CPU
		{5F249CE4-34FD-4631-AF72-EABD9214F71A}.Debug|Any CPU.Deploy.0 = Debug|Any CPU
		{5F249CE4-34FD-4631-AF72-EABD9214F71A}.Debug|iPhone.ActiveCfg = Debug|Any CPU
		{5F249CE4-34FD-4631-AF72-EABD9214F71A}.Debug|iPhone.Build.0 = Debug|Any CPU
		{5F249CE4-34FD-4631-AF72-EABD9214F71A}.Debug|iPhoneSimulator.ActiveCfg = Debug|Any CPU
		{5F249CE4-34FD-4631-AF72-EABD9214F71A}.Debug|iPhoneSimulator.Build.0 = Debug|Any CPU
		{5F249CE4-34FD-4631-AF72-EABD9214F71A}.Release|Any CPU.ActiveCfg = Release|Any CPU
		{5F249CE4-34FD-4631-AF72-EABD9214F71A}.Release|Any CPU.Build.0 = Release|Any CPU
		{5F249CE4-34FD-4631-AF72-EABD9214F71A}.Release|iPhone.ActiveCfg = Release|Any CPU
		{5F249CE4-34FD-4631-AF72-EABD9214F71A}.Release|iPhone.Build.0 = Release|Any CPU
		{5F249CE4-34FD-4631-AF72-EABD9214F71A}.Release|iPhoneSimulator.ActiveCfg = Release|Any CPU
		{5F249CE4-34FD-4631-AF72-EABD9214F71A}.Release|iPhoneSimulator.Build.0 = Release|Any CPU
		{D51D3484-E924-4413-8D66-A8D4AD44B5D5}.Debug|Any CPU.ActiveCfg = Debug|Any CPU
		{D51D3484-E924-4413-8D66-A8D4AD44B5D5}.Debug|Any CPU.Build.0 = Debug|Any CPU
		{D51D3484-E924-4413-8D66-A8D4AD44B5D5}.Debug|iPhone.ActiveCfg = Debug|Any CPU
		{D51D3484-E924-4413-8D66-A8D4AD44B5D5}.Debug|iPhone.Build.0 = Debug|Any CPU
		{D51D3484-E924-4413-8D66-A8D4AD44B5D5}.Debug|iPhoneSimulator.ActiveCfg = Debug|Any CPU
		{D51D3484-E924-4413-8D66-A8D4AD44B5D5}.Debug|iPhoneSimulator.Build.0 = Debug|Any CPU
		{D51D3484-E924-4413-8D66-A8D4AD44B5D5}.Release|Any CPU.ActiveCfg = Release|Any CPU
		{D51D3484-E924-4413-8D66-A8D4AD44B5D5}.Release|Any CPU.Build.0 = Release|Any CPU
		{D51D3484-E924-4413-8D66-A8D4AD44B5D5}.Release|iPhone.ActiveCfg = Release|Any CPU
		{D51D3484-E924-4413-8D66-A8D4AD44B5D5}.Release|iPhone.Build.0 = Release|Any CPU
		{D51D3484-E924-4413-8D66-A8D4AD44B5D5}.Release|iPhoneSimulator.ActiveCfg = Release|Any CPU
		{D51D3484-E924-4413-8D66-A8D4AD44B5D5}.Release|iPhoneSimulator.Build.0 = Release|Any CPU
	EndGlobalSection
	GlobalSection(SolutionProperties) = preSolution
		HideSolutionNode = FALSE
	EndGlobalSection
	GlobalSection(ExtensibilityGlobals) = postSolution
		SolutionGuid = {712D7726-D613-48E9-9523-D12AE7A49C75}
	EndGlobalSection
EndGlobal
